
Microsoft Visual Studio Solution File, Format Version 12.00
# Visual Studio Version 16
VisualStudioVersion = 16.0.30523.141
MinimumVisualStudioVersion = 10.0.40219.1
Project("{FAE04EC0-301F-11D3-BF4B-00C04F79EFBC}") = "Test", "Test\Test.csproj", "{8E810E19-DC3D-4C1D-87CC-81D420EC0CD6}"
EndProject
Global
	GlobalSection(SolutionConfigurationPlatforms) = preSolution
		Debug|Any CPU = Debug|Any CPU
		Release|Any CPU = Release|Any CPU
	EndGlobalSection
	GlobalSection(ProjectConfigurationPlatforms) = postSolution
		{8E810E19-DC3D-4C1D-87CC-81D420EC0CD6}.Debug|Any CPU.ActiveCfg = Debug|Any CPU
		{8E810E19-DC3D-4C1D-87CC-81D420EC0CD6}.Debug|Any CPU.Build.0 = Debug|Any CPU
		{8E810E19-DC3D-4C1D-87CC-81D420EC0CD6}.Release|Any CPU.ActiveCfg = Release|Any CPU
		{8E810E19-DC3D-4C1D-87CC-81D420EC0CD6}.Release|Any CPU.Build.0 = Release|Any CPU
	EndGlobalSection
	GlobalSection(SolutionProperties) = preSolution
		HideSolutionNode = FALSE
	EndGlobalSection
	GlobalSection(ExtensibilityGlobals) = postSolution
		SolutionGuid = {9B06623A-CBB8-49A2-8E43-75F49E81830C}
	EndGlobalSection
EndGlobal
